
Microsoft Visual Studio Solution File, Format Version 12.00
# Visual Studio Version 17
VisualStudioVersion = 17.3.32929.385
MinimumVisualStudioVersion = 10.0.40219.1
Project("{9A19103F-16F7-4668-BE54-9A1E7A4F7556}") = "Restaurante_fastfood", "Restaurante_fastfood.csproj", "{F1891AD8-B7A9-4CDF-98BD-AA6D163ABFBF}"
EndProject
Project("{FAE04EC0-301F-11D3-BF4B-00C04F79EFBC}") = "Teste_", "..\Teste_\Teste_.csproj", "{AB06F553-F2CB-4F9A-938C-96F660080FA2}"
EndProject
Global
	GlobalSection(SolutionConfigurationPlatforms) = preSolution
		Debug|Any CPU = Debug|Any CPU
		Release|Any CPU = Release|Any CPU
	EndGlobalSection
	GlobalSection(ProjectConfigurationPlatforms) = postSolution
		{F1891AD8-B7A9-4CDF-98BD-AA6D163ABFBF}.Debug|Any CPU.ActiveCfg = Debug|Any CPU
		{F1891AD8-B7A9-4CDF-98BD-AA6D163ABFBF}.Debug|Any CPU.Build.0 = Debug|Any CPU
		{F1891AD8-B7A9-4CDF-98BD-AA6D163ABFBF}.Release|Any CPU.ActiveCfg = Release|Any CPU
		{F1891AD8-B7A9-4CDF-98BD-AA6D163ABFBF}.Release|Any CPU.Build.0 = Release|Any CPU
		{AB06F553-F2CB-4F9A-938C-96F660080FA2}.Debug|Any CPU.ActiveCfg = Debug|Any CPU
		{AB06F553-F2CB-4F9A-938C-96F660080FA2}.Debug|Any CPU.Build.0 = Debug|Any CPU
		{AB06F553-F2CB-4F9A-938C-96F660080FA2}.Release|Any CPU.ActiveCfg = Release|Any CPU
		{AB06F553-F2CB-4F9A-938C-96F660080FA2}.Release|Any CPU.Build.0 = Release|Any CPU
	EndGlobalSection
	GlobalSection(SolutionProperties) = preSolution
		HideSolutionNode = FALSE
	EndGlobalSection
	GlobalSection(ExtensibilityGlobals) = postSolution
		SolutionGuid = {18A63E7C-69EF-43B8-A113-DA4D8F33B99B}
	EndGlobalSection
EndGlobal
